<?xml version="1.0" encoding="UTF-8" standalone="yes" ?>
<CodeBlocks_project_file>
	<FileVersion major="1" minor="6" />
	<Project>
		<Option title="cbMemoryWatch_unix" />
		<Option pch_mode="2" />
		<Option compiler="gcc" />
		<Build>
			<Target title="default">
				<Option output="cbMemoryWatch" prefix_auto="1" extension_auto="1" />
				<Option object_output=".objs/default" />
				<Option type="3" />
				<Option compiler="gcc" />
				<Compiler>
					<Add option="`pkg-config --cflags codeblocks`" />
					<Add option="`wx-config --cflags  --version=3.0`" />
					<Add option="-g" />
				</Compiler>
				<Linker>
					<Add option="`pkg-config --libs codeblocks`" />
					<Add option="`wx-config --libs  --version=3.0`" />
				</Linker>
				<ExtraCommands>
					<Add after="zip -j9 cbMemoryWatch.zip manifest.xml" />
					<Add after="zip -j9 cbMemoryWatch.cbplugin libcbMemoryWatch.so cbMemoryWatch.zip" />
					<Mode after="always" />
				</ExtraCommands>
			</Target>
			<Target title="to_codeblocks_wx30">
				<Option output="$(#cb)/devel30/share/codeblocks/plugins/cbMemoryWatch" prefix_auto="1" extension_auto="1" />
				<Option working_dir="$(#cb)/devel30" />
				<Option object_output=".objs/to_codeblocks_wx30" />
				<Option type="3" />
				<Option compiler="gcc" />
				<Option parameters="--debug-log --multiple-instance --no-splash-screen --verbose -p debug --no-ipc " />
				<Option host_application="$(#cb)/devel30/codeblocks" />
				<Option run_host_application_in_terminal="0" />
				<Compiler>
					<Add option="`wx-config --cflags  --version=3.0`" />
					<Add option="-g" />
					<Add directory="$(#cb)/include" />
					<Add directory="$(#cb)/sdk/wxscintilla/include" />
					<Add directory="$(#cb)/include/tinyxml" />
				</Compiler>
				<Linker>
					<Add option="`wx-config --libs  --version=3.0`" />
					<Add library="codeblocks" />
					<Add directory="$(#cb)/devel30" />
				</Linker>
				<ExtraCommands>
					<Add after="zip -j9 $(#cb)/devel30/share/codeblocks/cbMemoryWatch.zip manifest.xml" />
					<Mode after="always" />
				</ExtraCommands>
			</Target>
		</Build>
		<VirtualTargets>
			<Add alias="All" targets="default;to_codeblocks_wx30;" />
		</VirtualTargets>
		<Compiler>
			<Add option="-std=c++11" />
			<Add option="-fPIC" />
		</Compiler>
		<Linker>
			<Add option="-Wl,--no-undefined" />
		</Linker>
		<Unit filename="MemoryPanel.cpp" />
		<Unit filename="MemoryPanel.h" />
		<Unit filename="cbMemoryView.cpp" />
		<Unit filename="cbMemoryView.h" />
		<Unit filename="include/cbmvwindow.h" />
		<Unit filename="manifest.xml" />
		<Unit filename="src/cbmvwindow.cpp" />
		<Unit filename="wxsmith/MemoryPanel.wxs" />
		<Extensions>
			<code_completion />
			<envvars />
			<debugger />
			<wxsmith version="1">
				<resources>
					<wxPanel wxs="wxsmith/MemoryPanel.wxs" src="MemoryPanel.cpp" hdr="MemoryPanel.h" xrc="MemoryPanel.xrc" fwddecl="0" i18n="1" name="MemoryPanel" language="CPP" />
				</resources>
			</wxsmith>
		</Extensions>
	</Project>
</CodeBlocks_project_file>
